
Microsoft Visual Studio Solution File, Format Version 12.00
# Visual Studio Version 16
VisualStudioVersion = 25.0.1703.8
MinimumVisualStudioVersion = 10.0.40219.1
Project("{FAE04EC0-301F-11D3-BF4B-00C04F79EFBC}") = "CourseApp", "CourseApp.csproj", "{766337DE-31AF-41F0-9962-8B35F3E57A77}"
EndProject
Global
	GlobalSection(SolutionConfigurationPlatforms) = preSolution
		Debug|Any CPU = Debug|Any CPU
		Release|Any CPU = Release|Any CPU
	EndGlobalSection
	GlobalSection(ProjectConfigurationPlatforms) = postSolution
		{766337DE-31AF-41F0-9962-8B35F3E57A77}.Debug|Any CPU.ActiveCfg = Debug|Any CPU
		{766337DE-31AF-41F0-9962-8B35F3E57A77}.Debug|Any CPU.Build.0 = Debug|Any CPU
		{766337DE-31AF-41F0-9962-8B35F3E57A77}.Release|Any CPU.ActiveCfg = Release|Any CPU
		{766337DE-31AF-41F0-9962-8B35F3E57A77}.Release|Any CPU.Build.0 = Release|Any CPU
	EndGlobalSection
	GlobalSection(SolutionProperties) = preSolution
		HideSolutionNode = FALSE
	EndGlobalSection
	GlobalSection(ExtensibilityGlobals) = postSolution
		SolutionGuid = {C0E5BF13-D2B3-4232-908D-0ABA876A5607}
	EndGlobalSection
EndGlobal
