
Microsoft Visual Studio Solution File, Format Version 12.00
# Visual Studio Version 16
VisualStudioVersion = 25.0.1703.8
MinimumVisualStudioVersion = 10.0.40219.1
Project("{FAE04EC0-301F-11D3-BF4B-00C04F79EFBC}") = "CourseApp", "CourseApp.csproj", "{67DA8741-F362-438E-9789-37564BC8348B}"
EndProject
Global
	GlobalSection(SolutionConfigurationPlatforms) = preSolution
		Debug|Any CPU = Debug|Any CPU
		Release|Any CPU = Release|Any CPU
	EndGlobalSection
	GlobalSection(ProjectConfigurationPlatforms) = postSolution
		{67DA8741-F362-438E-9789-37564BC8348B}.Debug|Any CPU.ActiveCfg = Debug|Any CPU
		{67DA8741-F362-438E-9789-37564BC8348B}.Debug|Any CPU.Build.0 = Debug|Any CPU
		{67DA8741-F362-438E-9789-37564BC8348B}.Release|Any CPU.ActiveCfg = Release|Any CPU
		{67DA8741-F362-438E-9789-37564BC8348B}.Release|Any CPU.Build.0 = Release|Any CPU
	EndGlobalSection
	GlobalSection(SolutionProperties) = preSolution
		HideSolutionNode = FALSE
	EndGlobalSection
	GlobalSection(ExtensibilityGlobals) = postSolution
		SolutionGuid = {336E6EF9-BC96-42F2-A62E-96627E5FFED1}
	EndGlobalSection
EndGlobal
