
Microsoft Visual Studio Solution File, Format Version 12.00
# Visual Studio Version 16
VisualStudioVersion = 25.0.1703.8
MinimumVisualStudioVersion = 10.0.40219.1
Project("{FAE04EC0-301F-11D3-BF4B-00C04F79EFBC}") = "CourseApp", "CourseApp.csproj", "{77878C75-2007-40A0-A85E-865914C28F31}"
EndProject
Global
	GlobalSection(SolutionConfigurationPlatforms) = preSolution
		Debug|Any CPU = Debug|Any CPU
		Release|Any CPU = Release|Any CPU
	EndGlobalSection
	GlobalSection(ProjectConfigurationPlatforms) = postSolution
		{77878C75-2007-40A0-A85E-865914C28F31}.Debug|Any CPU.ActiveCfg = Debug|Any CPU
		{77878C75-2007-40A0-A85E-865914C28F31}.Debug|Any CPU.Build.0 = Debug|Any CPU
		{77878C75-2007-40A0-A85E-865914C28F31}.Release|Any CPU.ActiveCfg = Release|Any CPU
		{77878C75-2007-40A0-A85E-865914C28F31}.Release|Any CPU.Build.0 = Release|Any CPU
	EndGlobalSection
	GlobalSection(SolutionProperties) = preSolution
		HideSolutionNode = FALSE
	EndGlobalSection
	GlobalSection(ExtensibilityGlobals) = postSolution
		SolutionGuid = {29E1A405-8583-4CEB-8BA8-0842FFD701EF}
	EndGlobalSection
EndGlobal
